
Microsoft Visual Studio Solution File, Format Version 12.00
# Visual Studio Version 17
VisualStudioVersion = 17.9.34723.18
MinimumVisualStudioVersion = 10.0.40219.1
Project("{FAE04EC0-301F-11D3-BF4B-00C04F79EFBC}") = "RoundSolitareGame", "RoundSolitareGame\RoundSolitareGame.csproj", "{50E00CEB-681B-4132-B44A-7F43B661FF56}"
EndProject
Global
	GlobalSection(SolutionConfigurationPlatforms) = preSolution
		Debug|Any CPU = Debug|Any CPU
		Release|Any CPU = Release|Any CPU
	EndGlobalSection
	GlobalSection(ProjectConfigurationPlatforms) = postSolution
		{50E00CEB-681B-4132-B44A-7F43B661FF56}.Debug|Any CPU.ActiveCfg = Debug|Any CPU
		{50E00CEB-681B-4132-B44A-7F43B661FF56}.Debug|Any CPU.Build.0 = Debug|Any CPU
		{50E00CEB-681B-4132-B44A-7F43B661FF56}.Release|Any CPU.ActiveCfg = Release|Any CPU
		{50E00CEB-681B-4132-B44A-7F43B661FF56}.Release|Any CPU.Build.0 = Release|Any CPU
	EndGlobalSection
	GlobalSection(SolutionProperties) = preSolution
		HideSolutionNode = FALSE
	EndGlobalSection
	GlobalSection(ExtensibilityGlobals) = postSolution
		SolutionGuid = {082A71AB-5E23-4FC0-9123-647412EB67ED}
	EndGlobalSection
EndGlobal
